
Microsoft Visual Studio Solution File, Format Version 12.00
# Visual Studio Version 16
VisualStudioVersion = 16.0.30523.141
MinimumVisualStudioVersion = 10.0.40219.1
Project("{9A19103F-16F7-4668-BE54-9A1E7A4F7556}") = "Crystal", "src\Crystal\Crystal.csproj", "{CBCE631E-568E-4B7C-B916-C577E2A8FE30}"
EndProject
Project("{FAE04EC0-301F-11D3-BF4B-00C04F79EFBC}") = "Crystal.Tests", "tests\Crystal.IntegrationTests\Crystal.Tests.csproj", "{713FC49C-6246-4FCE-A77D-3819598A3126}"
EndProject
Project("{FAE04EC0-301F-11D3-BF4B-00C04F79EFBC}") = "Crystal.TestWebApp", "tests\Crystal.TestWebApp\Crystal.TestWebApp.csproj", "{A3663C2F-290C-4137-9857-889E944CDF04}"
EndProject
Global
	GlobalSection(SolutionConfigurationPlatforms) = preSolution
		Debug|Any CPU = Debug|Any CPU
		Release|Any CPU = Release|Any CPU
	EndGlobalSection
	GlobalSection(ProjectConfigurationPlatforms) = postSolution
		{CBCE631E-568E-4B7C-B916-C577E2A8FE30}.Debug|Any CPU.ActiveCfg = Debug|Any CPU
		{CBCE631E-568E-4B7C-B916-C577E2A8FE30}.Debug|Any CPU.Build.0 = Debug|Any CPU
		{CBCE631E-568E-4B7C-B916-C577E2A8FE30}.Release|Any CPU.ActiveCfg = Release|Any CPU
		{CBCE631E-568E-4B7C-B916-C577E2A8FE30}.Release|Any CPU.Build.0 = Release|Any CPU
		{713FC49C-6246-4FCE-A77D-3819598A3126}.Debug|Any CPU.ActiveCfg = Debug|Any CPU
		{713FC49C-6246-4FCE-A77D-3819598A3126}.Debug|Any CPU.Build.0 = Debug|Any CPU
		{713FC49C-6246-4FCE-A77D-3819598A3126}.Release|Any CPU.ActiveCfg = Release|Any CPU
		{713FC49C-6246-4FCE-A77D-3819598A3126}.Release|Any CPU.Build.0 = Release|Any CPU
		{A3663C2F-290C-4137-9857-889E944CDF04}.Debug|Any CPU.ActiveCfg = Debug|Any CPU
		{A3663C2F-290C-4137-9857-889E944CDF04}.Debug|Any CPU.Build.0 = Debug|Any CPU
		{A3663C2F-290C-4137-9857-889E944CDF04}.Release|Any CPU.ActiveCfg = Release|Any CPU
		{A3663C2F-290C-4137-9857-889E944CDF04}.Release|Any CPU.Build.0 = Release|Any CPU
	EndGlobalSection
	GlobalSection(SolutionProperties) = preSolution
		HideSolutionNode = FALSE
	EndGlobalSection
	GlobalSection(ExtensibilityGlobals) = postSolution
		SolutionGuid = {C3F8E771-C17B-4D2A-B363-8B640EACEAE1}
	EndGlobalSection
EndGlobal
